{
  "version": "2",
  "remote": {
    "https://cdn.skypack.dev/-/ky@v0.31.4-JZhqeORGnr21W0W0X16r/dist=es2019,mode=imports/optimized/ky.js": "78aa0d811d5443b249b03bc7ae71979f8c0f6df52e64988c37d3668ea7992b50",
    "https://cdn.skypack.dev/-/ky@v0.31.4-JZhqeORGnr21W0W0X16r/dist=es2019,mode=types/distribution/core/constants.d.ts": "9c23fb2acd5ed818c950c6802b22cafde46f1cd6217898ca4f0f726558576f48",
    "https://cdn.skypack.dev/-/ky@v0.31.4-JZhqeORGnr21W0W0X16r/dist=es2019,mode=types/distribution/errors/HTTPError.d.ts": "bec5524c0d8addd2e4d678b14434976fad37b83bacffa3ae65d14afe71a76e83",
    "https://cdn.skypack.dev/-/ky@v0.31.4-JZhqeORGnr21W0W0X16r/dist=es2019,mode=types/distribution/errors/TimeoutError.d.ts": "162f748e98203b829d8505f499c99ee0fc2200c11f3743d0e7124e7bf8ca253c",
    "https://cdn.skypack.dev/-/ky@v0.31.4-JZhqeORGnr21W0W0X16r/dist=es2019,mode=types/distribution/index.d.ts": "0831a6c6e34603bbb7a09b1bbef5cbe3ad0ac46e62e44a0e63fcbfdeaae2a77c",
    "https://cdn.skypack.dev/-/ky@v0.31.4-JZhqeORGnr21W0W0X16r/dist=es2019,mode=types/distribution/types/ResponsePromise.d.ts": "1dd9a1eafd6cbb089ff87fc5b6eec8a04a24787c7a1c354b5455519786181b77",
    "https://cdn.skypack.dev/-/ky@v0.31.4-JZhqeORGnr21W0W0X16r/dist=es2019,mode=types/distribution/types/common.d.ts": "01aca8bf8316670af7fe1b36d031370d05598f9106aa9df224d293a11d76a90a",
    "https://cdn.skypack.dev/-/ky@v0.31.4-JZhqeORGnr21W0W0X16r/dist=es2019,mode=types/distribution/types/hooks.d.ts": "05892691b1a3bfd60fa069a34a828fa1711338fba26f0ce9ddd600d708bd5ea0",
    "https://cdn.skypack.dev/-/ky@v0.31.4-JZhqeORGnr21W0W0X16r/dist=es2019,mode=types/distribution/types/ky.d.ts": "e2d296326628fde655ead9f8dd32c87ecc32b84f11511e7b4b7c3a778ba63d5a",
    "https://cdn.skypack.dev/-/ky@v0.31.4-JZhqeORGnr21W0W0X16r/dist=es2019,mode=types/distribution/types/options.d.ts": "b1ecb5858bff801eb006baaa81720b3ffe2ddecf9228834b3b72bd07c91c0b80",
    "https://cdn.skypack.dev/-/ky@v0.31.4-JZhqeORGnr21W0W0X16r/dist=es2019,mode=types/distribution/types/response.d.ts": "fd7cdcf4a60ac72826774dddc27878b62ab87f74e574dfaa6a8818458f0f505d",
    "https://cdn.skypack.dev/-/ky@v0.31.4-JZhqeORGnr21W0W0X16r/dist=es2019,mode=types/distribution/types/retry.d.ts": "989dea106b65de9cec5ea6fd0fbc64e2440b3b548349ff5a25b3e95b1271eeaf",
    "https://cdn.skypack.dev/ky?dts": "d98dd524122cf3cdb2ca266d51b7666eb7034d0efaf169fc1ec1d4230b3814d1",
    "https://deno.land/std@0.172.0/_util/asserts.ts": "178dfc49a464aee693a7e285567b3d0b555dc805ff490505a8aae34f9cfb1462",
    "https://deno.land/std@0.172.0/bytes/concat.ts": "d26d6f3d7922e6d663dacfcd357563b7bf4a380ce5b9c2bbe0c8586662f25ce2",
    "https://deno.land/std@0.172.0/uuid/_common.ts": "cb1441f4df460571fc0919e1c5c217f3e7006189b703caf946604b3f791ae34d",
    "https://deno.land/std@0.172.0/uuid/mod.ts": "cd4da71beaa7ebfaa575ecb42e24e792559b65d8927e612c13b6ac5d1306f8bb",
    "https://deno.land/std@0.172.0/uuid/v1.ts": "fe36009afce7ced96e1b5928565e12c5a8eb0df1a2b5063c0a72bda6b75c0de5",
    "https://deno.land/std@0.172.0/uuid/v4.ts": "0f081880c156fd59b9e44e2f84ea0f94a3627e89c224eaf6cc982b53d849f37e",
    "https://deno.land/std@0.172.0/uuid/v5.ts": "10558a9c09a06b86fef9e61205180b9585ec4fe3fed7d696e675b8e118f74e8e",
    "https://deno.land/std@0.177.0/async/abortable.ts": "73acfb3ed7261ce0d930dbe89e43db8d34e017b063cf0eaa7d215477bf53442e",
    "https://deno.land/std@0.177.0/async/deadline.ts": "c5facb0b404eede83e38bd2717ea8ab34faa2ffb20ef87fd261fcba32ba307aa",
    "https://deno.land/std@0.177.0/async/debounce.ts": "adab11d04ca38d699444ac8a9d9856b4155e8dda2afd07ce78276c01ea5a4332",
    "https://deno.land/std@0.177.0/async/deferred.ts": "42790112f36a75a57db4a96d33974a936deb7b04d25c6084a9fa8a49f135def8",
    "https://deno.land/std@0.177.0/async/delay.ts": "73aa04cec034c84fc748c7be49bb15cac3dd43a57174bfdb7a4aec22c248f0dd",
    "https://deno.land/std@0.177.0/async/mod.ts": "f04344fa21738e5ad6bea37a6bfffd57c617c2d372bb9f9dcfd118a1b622e576",
    "https://deno.land/std@0.177.0/async/mux_async_iterator.ts": "70c7f2ee4e9466161350473ad61cac0b9f115cff4c552eaa7ef9d50c4cbb4cc9",
    "https://deno.land/std@0.177.0/async/pool.ts": "fd082bd4aaf26445909889435a5c74334c017847842ec035739b4ae637ae8260",
    "https://deno.land/std@0.177.0/async/retry.ts": "5efa3ba450ac0c07a40a82e2df296287b5013755d232049efd7ea2244f15b20f",
    "https://deno.land/std@0.177.0/async/tee.ts": "47e42d35f622650b02234d43803d0383a89eb4387e1b83b5a40106d18ae36757",
    "https://deno.land/std@0.177.0/http/server.ts": "cbb17b594651215ba95c01a395700684e569c165a567e4e04bba327f41197433",
    "https://deno.land/x/hono@v2.7.7/compose.ts": "55f00eb0547c368d2c13304eb2dd9ea6e2cf738bb2c9e3fae966260a948568f6",
    "https://deno.land/x/hono@v2.7.7/context.ts": "f38b208bea645c4c1e9da8cd35edaa69dece92b200ab5217eee50f8816591013",
    "https://deno.land/x/hono@v2.7.7/hono.ts": "6243db4056e9d03322ceac6cc6c5304a842661909401b954db74945dc0cf4911",
    "https://deno.land/x/hono@v2.7.7/mod.ts": "a6f5fc79ba07e98e1918694cb96f78358e0e967def1184ddb941d3a905cd9fbd",
    "https://deno.land/x/hono@v2.7.7/request.ts": "7cb352339263826c4f63905fb1b39ceae43aef88bdf2d2d49d6bd8dfb28d7b88",
    "https://deno.land/x/hono@v2.7.7/router.ts": "21448bc2e6019574c10fae11237da4367037fa107e68bf3d049cd2fd0efd2adb",
    "https://deno.land/x/hono@v2.7.7/router/reg-exp-router/index.ts": "52755829213941756159b7a963097bafde5cc4fc22b13b1c7c9184dc0512d1db",
    "https://deno.land/x/hono@v2.7.7/router/reg-exp-router/node.ts": "08bb532ffe43e6e11510f9f66122baef43288f05f592b17987fc3a2dc195251a",
    "https://deno.land/x/hono@v2.7.7/router/reg-exp-router/router.ts": "b158d519d7bc5bbae6a8b099a8563c51b90c132116353967ab9bef7f6e86e446",
    "https://deno.land/x/hono@v2.7.7/router/reg-exp-router/trie.ts": "ab8a4ec6c3cdfdbcd1f53130db28b6174318bdfa815d57c792154203e71bc3d2",
    "https://deno.land/x/hono@v2.7.7/router/smart-router/index.ts": "74f9b4fe15ea535900f2b9b048581915f12fe94e531dd2b0032f5610e61c3bef",
    "https://deno.land/x/hono@v2.7.7/router/smart-router/router.ts": "1d54f5c87875d856ed5fc2d22a100e1ff31debe3e9d8e9b1cc18d8e5706239f2",
    "https://deno.land/x/hono@v2.7.7/router/static-router/index.ts": "f31aaebff3b2b05f00946d3a8b688289a43b5c2bfb124e54ffadeee6a24a1b52",
    "https://deno.land/x/hono@v2.7.7/router/static-router/router.ts": "75a15b2964dc90a46aed7b313f8760b60af5d5e8a819c3a948b4ad8d3fdb7662",
    "https://deno.land/x/hono@v2.7.7/router/trie-router/index.ts": "3eb75e7f71ba81801631b30de6b1f5cefb2c7239c03797e2b2cbab5085911b41",
    "https://deno.land/x/hono@v2.7.7/router/trie-router/node.ts": "514ef8e66a96d1ececc2823421d5a4001d59a1cec241bb545688716cba1e9dbb",
    "https://deno.land/x/hono@v2.7.7/router/trie-router/router.ts": "0a969528a0c1680b552b20f0ca90e484e968ac279be9d5fd952b61a804d680e7",
    "https://deno.land/x/hono@v2.7.7/types.ts": "1b8a876c013caee63287c198983740e3467e6f88a7f1a56301418904147370fb",
    "https://deno.land/x/hono@v2.7.7/utils/body.ts": "095afd5b9cd8458bb78353479911a428a23acbef1ffd545483f7b051c08a9fc0",
    "https://deno.land/x/hono@v2.7.7/utils/cookie.ts": "545872bd7af3b455c24fd386ecbccfd161e7d4a0038d6b09b1bb22723602f90a",
    "https://deno.land/x/hono@v2.7.7/utils/http-status.ts": "2d6003e352c1fe918db663fa4bd2b20bf0b9d4e1699ba5e163f317f00b29d938",
    "https://deno.land/x/hono@v2.7.7/utils/json.ts": "ae34c6191e7a844f04a95efaffb177b6a15a3bc5b17321c5679081940df6ab1d",
    "https://deno.land/x/hono@v2.7.7/utils/types.ts": "173dedfe018b447cc6b067d2b6968c1f1dccba67ad50526d356b79e0465a5753",
    "https://deno.land/x/hono@v2.7.7/utils/url.ts": "120cfd1297f91dc269454ad4bc3fabb54593cd9994ec2e6c4f56b6d9018419a0",
    "https://deno.land/x/hono@v2.7.7/validator/rule.ts": "a6614973170e1e4b71e260a678c1b28aecfd17053273e59bf99f1382b4f74eaa",
    "https://deno.land/x/hono@v2.7.7/validator/sanitizer.ts": "da03fdd70baa6d2f178d616a9f35cea1028a15d1429339ee3c3f9eff9aded38f",
    "https://deno.land/x/hono@v2.7.7/validator/schema.ts": "14200fd2e40022534f609b1331cd2058f87e060d448d0949bd56d80ad122d1ec",
    "https://deno.land/x/hono@v2.7.7/validator/validator.ts": "e29a871c60f98cc393638d334194d21c8aafe461765301e441f5c0fce65fff4a",
    "https://deno.land/x/zod@v3.20.5/ZodError.ts": "10bb0d014b0ece532c3bc395c50ae25996315a5897c0216517d9174c2fb570b5",
    "https://deno.land/x/zod@v3.20.5/errors.ts": "5285922d2be9700cc0c70c95e4858952b07ae193aa0224be3cbd5cd5567eabef",
    "https://deno.land/x/zod@v3.20.5/external.ts": "a6cfbd61e9e097d5f42f8a7ed6f92f93f51ff927d29c9fbaec04f03cbce130fe",
    "https://deno.land/x/zod@v3.20.5/helpers/enumUtil.ts": "54efc393cc9860e687d8b81ff52e980def00fa67377ad0bf8b3104f8a5bf698c",
    "https://deno.land/x/zod@v3.20.5/helpers/errorUtil.ts": "7a77328240be7b847af6de9189963bd9f79cab32bbc61502a9db4fe6683e2ea7",
    "https://deno.land/x/zod@v3.20.5/helpers/parseUtil.ts": "51a76c126ee212be86013d53a9d07f87e9ae04bb1496f2558e61b62cb74a6aa8",
    "https://deno.land/x/zod@v3.20.5/helpers/partialUtil.ts": "8dc921a02b47384cf52217c7e539268daf619f89319b75bdf13ea178815725df",
    "https://deno.land/x/zod@v3.20.5/helpers/typeAliases.ts": "0fda31a063c6736fc3cf9090dd94865c811dfff4f3cb8707b932bf937c6f2c3e",
    "https://deno.land/x/zod@v3.20.5/helpers/util.ts": "0e7366354b1a5070408c1c48d01c7e33d374ca70806f5003b12ff527795c578c",
    "https://deno.land/x/zod@v3.20.5/index.ts": "035a7422d9f2be54daa0fe464254b69225b443000673e4794095d672471e8792",
    "https://deno.land/x/zod@v3.20.5/locales/en.ts": "ac7210faad6e67ec4f6dbe7062886f04db79ce91ae5ee6c9f64cbdf6221bc80e",
    "https://deno.land/x/zod@v3.20.5/mod.ts": "64e55237cb4410e17d968cd08975566059f27638ebb0b86048031b987ba251c4",
    "https://deno.land/x/zod@v3.20.5/types.ts": "6ddc4608e70d75f2e06f9cc14aa406df4d80f420c0eef64f2f02d429853c0c38",
    "https://esm.sh/ky@0.33.2": "0f1af108555ec94b4334fc24d54158e0fb640da16497a2abff0115dd633f8abc",
    "https://esm.sh/v106/ky@0.33.2/deno/ky.js": "c24d4e80cc124c5cd9873e6ea806295f829ce3909b67784240c05e20d592e1db",
    "https://esm.sh/v106/ky@0.33.2/distribution/core/constants.d.ts": "9c23fb2acd5ed818c950c6802b22cafde46f1cd6217898ca4f0f726558576f48",
    "https://esm.sh/v106/ky@0.33.2/distribution/errors/HTTPError.d.ts": "bec5524c0d8addd2e4d678b14434976fad37b83bacffa3ae65d14afe71a76e83",
    "https://esm.sh/v106/ky@0.33.2/distribution/errors/TimeoutError.d.ts": "162f748e98203b829d8505f499c99ee0fc2200c11f3743d0e7124e7bf8ca253c",
    "https://esm.sh/v106/ky@0.33.2/distribution/index.d.ts": "33e8773cbec165d42ba5b39476f2293cd0506a345cd7c2f706ab4b9c452479b5",
    "https://esm.sh/v106/ky@0.33.2/distribution/types/ResponsePromise.d.ts": "b038f6f19c25ffb29ef3d8a89dc78fb69a03fdf7438e4b14e45ec5390b2039bc",
    "https://esm.sh/v106/ky@0.33.2/distribution/types/common.d.ts": "20fcb118bebfb69ca52595ac4f0dd500fe457a5cedb0a4186a3b09cb20aad7c7",
    "https://esm.sh/v106/ky@0.33.2/distribution/types/hooks.d.ts": "5654d6c3b3540f3768c8c8dd125c3bd6c44b03f70f6ddc1212a2cd3edb1f8039",
    "https://esm.sh/v106/ky@0.33.2/distribution/types/ky.d.ts": "e2d296326628fde655ead9f8dd32c87ecc32b84f11511e7b4b7c3a778ba63d5a",
    "https://esm.sh/v106/ky@0.33.2/distribution/types/options.d.ts": "35bb34e6a2af7d02645bb66aef564e41457fc33f293d1aba2da397b6da8866aa",
    "https://esm.sh/v106/ky@0.33.2/distribution/types/response.d.ts": "fd7cdcf4a60ac72826774dddc27878b62ab87f74e574dfaa6a8818458f0f505d",
    "https://esm.sh/v106/ky@0.33.2/distribution/types/retry.d.ts": "96a0e14854cadd119faac1df7e4fa92ddb0a6119fa7535b5a9b08903ecc4cf52"
  }
}
